
Microsoft Visual Studio Solution File, Format Version 12.00
# Visual Studio Version 17
VisualStudioVersion = 17.9.34728.123
MinimumVisualStudioVersion = 10.0.40219.1
Project("{FAE04EC0-301F-11D3-BF4B-00C04F79EFBC}") = "net_rest", "net_rest.csproj", "{B55B34F6-0850-4464-96F1-B2CE777CFA5A}"
EndProject
Global
	GlobalSection(SolutionConfigurationPlatforms) = preSolution
		Debug|Any CPU = Debug|Any CPU
		Release|Any CPU = Release|Any CPU
	EndGlobalSection
	GlobalSection(ProjectConfigurationPlatforms) = postSolution
		{B55B34F6-0850-4464-96F1-B2CE777CFA5A}.Debug|Any CPU.ActiveCfg = Debug|Any CPU
		{B55B34F6-0850-4464-96F1-B2CE777CFA5A}.Debug|Any CPU.Build.0 = Debug|Any CPU
		{B55B34F6-0850-4464-96F1-B2CE777CFA5A}.Release|Any CPU.ActiveCfg = Release|Any CPU
		{B55B34F6-0850-4464-96F1-B2CE777CFA5A}.Release|Any CPU.Build.0 = Release|Any CPU
	EndGlobalSection
	GlobalSection(SolutionProperties) = preSolution
		HideSolutionNode = FALSE
	EndGlobalSection
	GlobalSection(ExtensibilityGlobals) = postSolution
		SolutionGuid = {08351ECA-2AA0-4F48-8BC1-23E3A48F7540}
	EndGlobalSection
EndGlobal
